
Microsoft Visual Studio Solution File, Format Version 12.00
# Visual Studio 15
VisualStudioVersion = 15.0.28307.168
MinimumVisualStudioVersion = 10.0.40219.1
Project("{FAE04EC0-301F-11D3-BF4B-00C04F79EFBC}") = "C0732132-week05", "C0732132-week05\C0732132-week05.csproj", "{DB76C61C-924F-4271-A543-FAE19753D459}"
EndProject
Global
	GlobalSection(SolutionConfigurationPlatforms) = preSolution
		Debug|Any CPU = Debug|Any CPU
		Release|Any CPU = Release|Any CPU
	EndGlobalSection
	GlobalSection(ProjectConfigurationPlatforms) = postSolution
		{DB76C61C-924F-4271-A543-FAE19753D459}.Debug|Any CPU.ActiveCfg = Debug|Any CPU
		{DB76C61C-924F-4271-A543-FAE19753D459}.Debug|Any CPU.Build.0 = Debug|Any CPU
		{DB76C61C-924F-4271-A543-FAE19753D459}.Release|Any CPU.ActiveCfg = Release|Any CPU
		{DB76C61C-924F-4271-A543-FAE19753D459}.Release|Any CPU.Build.0 = Release|Any CPU
	EndGlobalSection
	GlobalSection(SolutionProperties) = preSolution
		HideSolutionNode = FALSE
	EndGlobalSection
	GlobalSection(ExtensibilityGlobals) = postSolution
		SolutionGuid = {EE500291-CA8E-4F08-A0F6-9E86F051DC44}
	EndGlobalSection
EndGlobal
